0xacab.org/leap/shapeshifter v0.0.0-20191029173606-85d3e8ac43e2 h1:+IGQXhBErpPeZPbeQgmGZXbcCC39kJXwWC377r8cvkw=
0xacab.org/leap/shapeshifter v0.0.0-20191029173606-85d3e8ac43e2/go.mod h1:TRHdLzHFv5wZnWXkuqpRzEdMFk9ICgvPXmcSupSfjk8=
github.com/OperatorFoundation/obfs4 v0.0.0-20161108041644-17f2cb99c264 h1:8UbFvUSYrlcEU9W92tohq74kYvtXJo11WLI16TMi904=
github.com/OperatorFoundation/obfs4 v0.0.0-20161108041644-17f2cb99c264/go.mod h1:oxwvRzQ4FDp7ysA1En4F/pyOh2Jfef4YTo1YhHUsBOA=
github.com/OperatorFoundation/shapeshifter-ipc v0.0.0-20170814234159-11746ba927e0 h1:zDYt6FDJwDSX4woVFVK2EMt7fkxU5L5qDNLUjQwA+BQ=
github.com/OperatorFoundation/shapeshifter-ipc v0.0.0-20170814234159-11746ba927e0/go.mod h1:kB00Ak8Dgn1uZlZHLc/WsUta58Jc+n/ZhCetcPkh42Q=
github.com/OperatorFoundation/shapeshifter-transports v0.0.0-20191101030951-7a751b0500f4 h1:rav6TvUk8+Dr3AGtCnKP5VH/4yi42IHTkbqmVXZNIi0=
github.com/OperatorFoundation/shapeshifter-transports v0.0.0-20191101030951-7a751b0500f4/go.mod h1:u3jvRgYV13oHabVAdXekh3yk9PHfpCKvB8uolQEs4jA=
github.com/ProtonMail/go-autostart v0.0.0-20181114175602-c5272053443a h1:fXK2KsfnkBV9Nh+9SKzHchYjuE9s0vI20JG1mbtEAcc=
github.com/ProtonMail/go-autostart v0.0.0-20181114175602-c5272053443a/go.mod h1:oTGdE7/DlWIr23G0IKW3OXK9wZ5Hw1GGiaJFccTvZi4=
github.com/agl/ed25519 v0.0.0-20170116200512-5312a6153412 h1:w1UutsfOrms1J05zt7ISrnJIXKzwaspym5BTKGx93EI=
github.com/agl/ed25519 v0.0.0-20170116200512-5312a6153412/go.mod h1:WPjqKcmVOxf0XSf3YxCJs6N6AOSrOx3obionmG7T0y0=
github.com/apparentlymart/go-openvpn-mgmt v0.0.0-20161009010951-9a305aecd7f2 h1:E7mgGSu7JSN+ELgOq2Pddy8fVfAbMN8u1jUvpKpHtXg=
github.com/apparentlymart/go-openvpn-mgmt v0.0.0-20161009010951-9a305aecd7f2/go.mod h1:69IHK2p7ZvTuKqxDx3vRWZRyBhLh2rNJN3b6XnjCVhY=
github.com/davecgh/go-spew v1.1.0 h1:ZDRjVQ15GmhC3fiQ8ni8+OwkZQO4DARzQgrnXU1Liz8=
github.com/davecgh/go-spew v1.1.0/go.mod h1:J7Y8YcW2NihsgmVo/mv3lAwl/skON4iLHjSsI+c5H38=
github.com/dchest/siphash v1.2.1 h1:4cLinnzVJDKxTCl9B01807Yiy+W7ZzVHj/KIroQRvT4=
github.com/dchest/siphash v1.2.1/go.mod h1:q+IRvb2gOSrUnYoPqHiyHXS0FOBBOdl6tONBlVnOnt4=
github.com/jmshal/go-locale v0.0.0-20190124211249-eb00fb25cc61 h1:9vsXCXRCUb82jJKv4O+R8Hyo4oPJsOjVwT0pWvHgeyc=
github.com/jmshal/go-locale v0.0.0-20190124211249-eb00fb25cc61/go.mod h1:+Ny9b1U6p4zX0L9w+k3hSkz3puupLFP14Mion+rGNF8=
github.com/kardianos/osext v0.0.0-20190222173326-2bc1f35cddc0 h1:iQTw/8FWTuc7uiaSepXwyf3o52HaUYcV+Tu66S3F5GA=
github.com/kardianos/osext v0.0.0-20190222173326-2bc1f35cddc0/go.mod h1:1NbS8ALrpOvjt0rHPNLyCIeMtbizbir8U//inJ+zuB8=
github.com/keybase/go-ps v0.0.0-20190827175125-91aafc93ba19 h1:WjT3fLi9n8YWh/Ih8Q1LHAPsTqGddPcHqscN+PJ3i68=
github.com/keybase/go-ps v0.0.0-20190827175125-91aafc93ba19/go.mod h1:hY+WOq6m2FpbvyrI93sMaypsttvaIL5nhVR92dTMUcQ=
github.com/pmezard/go-difflib v1.0.0 h1:4DBwDE0NGyQoBHbLQYPwSUPoCMWR5BEzIk/f1lZbAQM=
github.com/pmezard/go-difflib v1.0.0/go.mod h1:iKH77koFhYxTK1pcRnkKkqfTogsbg7gZNVY4sRDYZ/4=
github.com/rakyll/statik v0.1.7 h1:OF3QCZUuyPxuGEP7B4ypUa7sB/iHtqOTDYZXGM8KOdQ=
github.com/rakyll/statik v0.1.7/go.mod h1:AlZONWzMtEnMs7W4e/1LURLiI49pIMmp6V9Unghqrcc=
github.com/sevlyar/go-daemon v0.1.5 h1:Zy/6jLbM8CfqJ4x4RPr7MJlSKt90f00kNM1D401C+Qk=
github.com/sevlyar/go-daemon v0.1.5/go.mod h1:6dJpPatBT9eUwM5VCw9Bt6CdX9Tk6UWvhW3MebLDRKE=
github.com/stretchr/objx v0.1.0/go.mod h1:HFkY916IF+rwdDfMAkV7OtwuqBVzrE8GR6GFx+wExME=
github.com/stretchr/testify v1.3.0 h1:TivCn/peBQ7UY8ooIcPgZFpTNSz0Q2U6UrFlUfqbe0Q=
github.com/stretchr/testify v1.3.0/go.mod h1:M5WIy9Dh21IEIfnGCwXGc5bZfKNJtfHm1UVUgZn+9EI=
github.com/yuin/goldmark v1.1.27/go.mod h1:3hX8gzYuyVAZsxl0MRgGTJEmQBFcNTphYh9decYSb74=
golang.org/x/crypto v0.0.0-20190308221718-c2843e01d9a2/go.mod h1:djNgcEr1/C05ACkg1iLfiJU5Ep61QUkGW8qpdssI0+w=
golang.org/x/crypto v0.0.0-20191011191535-87dc89f01550/go.mod h1:yigFU9vqHzYiE8UmvKecakEJjdnWj3jj499lnFckfCI=
golang.org/x/crypto v0.0.0-20191105034135-c7e5f84aec59 h1:PyXRxSVbvzDGuqYXjHndV7xDzJ7w2K8KD9Ef8GB7KOE=
golang.org/x/crypto v0.0.0-20191105034135-c7e5f84aec59/go.mod h1:LzIPMQfyMNhhGPhUkYOs5KpL4U8rLKemX1yGLhDgUto=
golang.org/x/mod v0.2.0 h1:KU7oHjnv3XNWfa5COkzUifxZmxp1TyI7ImMXqFxLwvQ=
golang.org/x/mod v0.2.0/go.mod h1:s0Qsj1ACt9ePp/hMypM3fl4fZqREWJwdYDEqhRiZZUA=
golang.org/x/net v0.0.0-20190404232315-eb5bcb51f2a3/go.mod h1:t9HGtf8HONx5eT2rtn7q6eTqICYqUVnKs3thJo3Qplg=
golang.org/x/net v0.0.0-20190620200207-3b0461eec859/go.mod h1:z5CRVTTTmAJ677TzLLGU+0bjPO0LkuOLi4/5GtJWs/s=
golang.org/x/net v0.0.0-20200226121028-0de0cce0169b h1:0mm1VjtFUOIlE1SbDlwjYaDxZVDP2S5ou6y0gSgXHu8=
golang.org/x/net v0.0.0-20200226121028-0de0cce0169b/go.mod h1:z5CRVTTTmAJ677TzLLGU+0bjPO0LkuOLi4/5GtJWs/s=
golang.org/x/sync v0.0.0-20190423024810-112230192c58/go.mod h1:RxMgew5VJxzue5/jJTE5uejpjVlOe/izrB70Jof72aM=
golang.org/x/sync v0.0.0-20190911185100-cd5d95a43a6e/go.mod h1:RxMgew5VJxzue5/jJTE5uejpjVlOe/izrB70Jof72aM=
golang.org/x/sys v0.0.0-20190215142949-d0b11bdaac8a/go.mod h1:STP8DvDyc/dI5b8T5hshtkjS+E42TnysNCUPdjciGhY=
golang.org/x/sys v0.0.0-20190412213103-97732733099d/go.mod h1:h1NjWce9XRLGQEsW7wpKNCjG9DtNlClVuFLEZdDNbEs=
golang.org/x/sys v0.0.0-20200212091648-12a6c2dcc1e4 h1:sfkvUWPNGwSV+8/fNqctR5lS2AqCSqYwXdrjCxp/dXo=
golang.org/x/sys v0.0.0-20200212091648-12a6c2dcc1e4/go.mod h1:h1NjWce9XRLGQEsW7wpKNCjG9DtNlClVuFLEZdDNbEs=
golang.org/x/text v0.3.0 h1:g61tztE5qeGQ89tm6NTjjM9VPIm088od1l6aSorWRWg=
golang.org/x/text v0.3.0/go.mod h1:NqM8EUOU14njkJ3fqMW+pc6Ldnwhi/IjpwHt7yyuwOQ=
golang.org/x/text v0.3.2 h1:tW2bmiBqwgJj/UpqtC8EpXEZVYOwU0yG4iWbprSVAcs=
golang.org/x/text v0.3.2/go.mod h1:bEr9sfX3Q8Zfm5fL9x+3itogRgK3+ptLWKqgva+5dAk=
golang.org/x/tools v0.0.0-20180917221912-90fa682c2a6e/go.mod h1:n7NCudcB/nEzxVGmLbDWY5pfWTLqBcC2KZ6jyYvM4mQ=
golang.org/x/tools v0.0.0-20191119224855-298f0cb1881e/go.mod h1:b+2E5dAYhXwXZwtnZ6UAqBI28+e2cm9otk0dWdXHAEo=
golang.org/x/tools v0.0.0-20200427153019-a90b7300be7c h1:AHNGGbHuSfdUH6gKP3etfnh1v67lhCiCXvgXOCAwL3A=
golang.org/x/tools v0.0.0-20200427153019-a90b7300be7c/go.mod h1:EkVYQZoAsY45+roYkvgYkIh4xh/qjgUK9TdY2XT94GE=
golang.org/x/xerrors v0.0.0-20190717185122-a985d3407aa7/go.mod h1:I/5z698sn9Ka8TeJc9MKroUUfqBBauWjQqLJ2OPfmY0=
golang.org/x/xerrors v0.0.0-20191011141410-1b5146add898/go.mod h1:I/5z698sn9Ka8TeJc9MKroUUfqBBauWjQqLJ2OPfmY0=
golang.org/x/xerrors v0.0.0-20191204190536-9bdfabe68543 h1:E7g+9GITq07hpfrRu66IVDexMakfv52eLZ2CXBWiKr4=
golang.org/x/xerrors v0.0.0-20191204190536-9bdfabe68543/go.mod h1:I/5z698sn9Ka8TeJc9MKroUUfqBBauWjQqLJ2OPfmY0=
